# This file is automatically @generated by Poetry 2.0.1 and should not be changed by hand.

[[package]]
name = "pyaes"
version = "1.6.1"
description = "Pure-Python Implementation of the AES block-cipher and common modes of operation"
optional = false
python-versions = "*"
groups = ["main"]
files = [
    {file = "pyaes-1.6.1.tar.gz", hash = "sha256:02c1b1405c38d3c370b085fb952dd8bea3fadcee6411ad99f312cc129c536d8f"},
]

[[package]]
name = "pyasn1"
version = "0.6.1"
description = "Pure-Python implementation of ASN.1 types and DER/BER/CER codecs (X.208)"
optional = false
python-versions = ">=3.8"
groups = ["main"]
files = [
    {file = "pyasn1-0.6.1-py3-none-any.whl", hash = "sha256:0d632f46f2ba09143da3a8afe9e33fb6f92fa2320ab7e886e2d0f7672af84629"},
    {file = "pyasn1-0.6.1.tar.gz", hash = "sha256:6f580d2bdd84365380830acf45550f2511469f673cb4a5ae3857a3170128b034"},
]

[[package]]
name = "python-dotenv"
version = "1.0.1"
description = "Read key-value pairs from a .env file and set them as environment variables"
optional = false
python-versions = ">=3.8"
groups = ["main"]
files = [
    {file = "python-dotenv-1.0.1.tar.gz", hash = "sha256:e324ee90a023d808f1959c46bcbc04446a10ced277783dc6ee09987c37ec10ca"},
    {file = "python_dotenv-1.0.1-py3-none-any.whl", hash = "sha256:f7b63ef50f1b690dddf550d03497b66d609393b40b564ed0d674909a68ebf16a"},
]

[package.extras]
cli = ["click (>=5.0)"]

[[package]]
name = "rsa"
version = "4.2"
description = "Pure-Python RSA implementation"
optional = false
python-versions = "*"
groups = ["main"]
files = [
    {file = "rsa-4.2.tar.gz", hash = "sha256:aaefa4b84752e3e99bd8333a2e1e3e7a7da64614042bd66f775573424370108a"},
]

[package.dependencies]
pyasn1 = ">=0.1.3"

[[package]]
name = "telethon"
version = "1.39.0"
description = "Full-featured Telegram client library for Python 3"
optional = false
python-versions = ">=3.5"
groups = ["main"]
files = [
    {file = "Telethon-1.39.0-py3-none-any.whl", hash = "sha256:aa9f394b94be144799a6f6a93ab463867bc7c63503ede9631751940a98f6c703"},
    {file = "telethon-1.39.0.tar.gz", hash = "sha256:35d4795d8c91deac515fb0bcb3723866b924de1c724e1d5c230460e96f284a63"},
]

[package.dependencies]
pyaes = "*"
rsa = "*"

[package.extras]
cryptg = ["cryptg"]

[metadata]
lock-version = "2.1"
python-versions = ">=3.12"
content-hash = "e8b4b335da3881f5b24c5c01a047dc845fbdde1d8c052f67fac25d33f8e7d245"
